// !$*UTF8*$!
{
	archiveVersion = 1;
	classes = {
	};
	objectVersion = 56;
	objects = {

/* Begin PBXBuildFile section */
		AD38786F29A89D11003D17FB /* AppDelegate.swift in Sources */ = {isa = PBXBuildFile; fileRef = AD38786E29A89D11003D17FB /* AppDelegate.swift */; };
		AD38787129A89D11003D17FB /* SceneDelegate.swift in Sources */ = {isa = PBXBuildFile; fileRef = AD38787029A89D11003D17FB /* SceneDelegate.swift */; };
		AD38787329A89D11003D17FB /* ViewController.swift in Sources */ = {isa = PBXBuildFile; fileRef = AD38787229A89D11003D17FB /* ViewController.swift */; };
		AD38787629A89D11003D17FB /* Main.storyboard in Resources */ = {isa = PBXBuildFile; fileRef = AD38787429A89D11003D17FB /* Main.storyboard */; };
		AD38787829A89D13003D17FB /* Assets.xcassets in Resources */ = {isa = PBXBuildFile; fileRef = AD38787729A89D13003D17FB /* Assets.xcassets */; };
		AD38787B29A89D13003D17FB /* LaunchScreen.storyboard in Resources */ = {isa = PBXBuildFile; fileRef = AD38787929A89D13003D17FB /* LaunchScreen.storyboard */; };
		AD38788329A89D77003D17FB /* Push.storyboard in Resources */ = {isa = PBXBuildFile; fileRef = AD38788229A89D77003D17FB /* Push.storyboard */; };
		AD38788529A89D87003D17FB /* PushViewController.swift in Sources */ = {isa = PBXBuildFile; fileRef = AD38788429A89D87003D17FB /* PushViewController.swift */; };
		AD38788A29A89FCC003D17FB /* Present.storyboard in Resources */ = {isa = PBXBuildFile; fileRef = AD38788929A89FCC003D17FB /* Present.storyboard */; };
		AD38788C29A8A022003D17FB /* PresentViewController.swift in Sources */ = {isa = PBXBuildFile; fileRef = AD38788B29A8A022003D17FB /* PresentViewController.swift */; };
/* End PBXBuildFile section */

/* Begin PBXFileReference section */
		AD38786B29A89D11003D17FB /* Navigator.app */ = {isa = PBXFileReference; explicitFileType = wrapper.application; includeInIndex = 0; path = Navigator.app; sourceTree = BUILT_PRODUCTS_DIR; };
		AD38786E29A89D11003D17FB /* AppDelegate.swift */ = {isa = PBXFileReference; lastKnownFileType = sourcecode.swift; path = AppDelegate.swift; sourceTree = "<group>"; };
		AD38787029A89D11003D17FB /* SceneDelegate.swift */ = {isa = PBXFileReference; lastKnownFileType = sourcecode.swift; path = SceneDelegate.swift; sourceTree = "<group>"; };
		AD38787229A89D11003D17FB /* ViewController.swift */ = {isa = PBXFileReference; lastKnownFileType = sourcecode.swift; path = ViewController.swift; sourceTree = "<group>"; };
		AD38787529A89D11003D17FB /* Base */ = {isa = PBXFileReference; lastKnownFileType = file.storyboard; name = Base; path = Base.lproj/Main.storyboard; sourceTree = "<group>"; };
		AD38787729A89D13003D17FB /* Assets.xcassets */ = {isa = PBXFileReference; lastKnownFileType = folder.assetcatalog; path = Assets.xcassets; sourceTree = "<group>"; };
		AD38787A29A89D13003D17FB /* Base */ = {isa = PBXFileReference; lastKnownFileType = file.storyboard; name = Base; path = Base.lproj/LaunchScreen.storyboard; sourceTree = "<group>"; };
		AD38787C29A89D13003D17FB /* Info.plist */ = {isa = PBXFileReference; lastKnownFileType = text.plist.xml; path = Info.plist; sourceTree = "<group>"; };
		AD38788229A89D77003D17FB /* Push.storyboard */ = {isa = PBXFileReference; lastKnownFileType = file.storyboard; path = Push.storyboard; sourceTree = "<group>"; };
		AD38788429A89D87003D17FB /* PushViewController.swift */ = {isa = PBXFileReference; lastKnownFileType = sourcecode.swift; path = PushViewController.swift; sourceTree = "<group>"; };
		AD38788929A89FCC003D17FB /* Present.storyboard */ = {isa = PBXFileReference; lastKnownFileType = file.storyboard; path = Present.storyboard; sourceTree = "<group>"; };
		AD38788B29A8A022003D17FB /* PresentViewController.swift */ = {isa = PBXFileReference; lastKnownFileType = sourcecode.swift; path = PresentViewController.swift; sourceTree = "<group>"; };
/* End PBXFileReference section */

/* Begin PBXFrameworksBuildPhase section */
		AD38786829A89D11003D17FB /* Frameworks */ = {
			isa = PBXFrameworksBuildPhase;
			buildActionMask = 2147483647;
			files = (
			);
			runOnlyForDeploymentPostprocessing = 0;
		};
/* End PBXFrameworksBuildPhase section */

/* Begin PBXGroup section */
		AD38786229A89D11003D17FB = {
			isa = PBXGroup;
			children = (
				AD38786D29A89D11003D17FB /* Navigator */,
				AD38786C29A89D11003D17FB /* Products */,
			);
			sourceTree = "<group>";
		};
		AD38786C29A89D11003D17FB /* Products */ = {
			isa = PBXGroup;
			children = (
				AD38786B29A89D11003D17FB /* Navigator.app */,
			);
			name = Products;
			sourceTree = "<group>";
		};
		AD38786D29A89D11003D17FB /* Navigator */ = {
			isa = PBXGroup;
			children = (
				AD38788729A89FA1003D17FB /* Main */,
				AD38788629A89F8D003D17FB /* Push */,
				AD38788829A89FA8003D17FB /* Present */,
				AD38786E29A89D11003D17FB /* AppDelegate.swift */,
				AD38787029A89D11003D17FB /* SceneDelegate.swift */,
				AD38787729A89D13003D17FB /* Assets.xcassets */,
				AD38787929A89D13003D17FB /* LaunchScreen.storyboard */,
				AD38787C29A89D13003D17FB /* Info.plist */,
			);
			path = Navigator;
			sourceTree = "<group>";
		};
		AD38788629A89F8D003D17FB /* Push */ = {
			isa = PBXGroup;
			children = (
				AD38788229A89D77003D17FB /* Push.storyboard */,
				AD38788429A89D87003D17FB /* PushViewController.swift */,
			);
			path = Push;
			sourceTree = "<group>";
		};
		AD38788729A89FA1003D17FB /* Main */ = {
			isa = PBXGroup;
			children = (
				AD38787429A89D11003D17FB /* Main.storyboard */,
				AD38787229A89D11003D17FB /* ViewController.swift */,
			);
			path = Main;
			sourceTree = "<group>";
		};
		AD38788829A89FA8003D17FB /* Present */ = {
			isa = PBXGroup;
			children = (
				AD38788929A89FCC003D17FB /* Present.storyboard */,
				AD38788B29A8A022003D17FB /* PresentViewController.swift */,
			);
			path = Present;
			sourceTree = "<group>";
		};
/* End PBXGroup section */

/* Begin PBXNativeTarget section */
		AD38786A29A89D11003D17FB /* Navigator */ = {
			isa = PBXNativeTarget;
			buildConfigurationList = AD38787F29A89D13003D17FB /* Build configuration list for PBXNativeTarget "Navigator" */;
			buildPhases = (
				AD38786729A89D11003D17FB /* Sources */,
				AD38786829A89D11003D17FB /* Frameworks */,
				AD38786929A89D11003D17FB /* Resources */,
			);
			buildRules = (
			);
			dependencies = (
			);
			name = Navigator;
			productName = Navigator;
			productReference = AD38786B29A89D11003D17FB /* Navigator.app */;
			productType = "com.apple.product-type.application";
		};
/* End PBXNativeTarget section */

/* Begin PBXProject section */
		AD38786329A89D11003D17FB /* Project object */ = {
			isa = PBXProject;
			attributes = {
				BuildIndependentTargetsInParallel = 1;
				LastSwiftUpdateCheck = 1420;
				LastUpgradeCheck = 1420;
				TargetAttributes = {
					AD38786A29A89D11003D17FB = {
						CreatedOnToolsVersion = 14.2;
					};
				};
			};
			buildConfigurationList = AD38786629A89D11003D17FB /* Build configuration list for PBXProject "Navigator" */;
			compatibilityVersion = "Xcode 14.0";
			developmentRegion = en;
			hasScannedForEncodings = 0;
			knownRegions = (
				en,
				Base,
			);
			mainGroup = AD38786229A89D11003D17FB;
			productRefGroup = AD38786C29A89D11003D17FB /* Products */;
			projectDirPath = "";
			projectRoot = "";
			targets = (
				AD38786A29A89D11003D17FB /* Navigator */,
			);
		};
/* End PBXProject section */

/* Begin PBXResourcesBuildPhase section */
		AD38786929A89D11003D17FB /* Resources */ = {
			isa = PBXResourcesBuildPhase;
			buildActionMask = 2147483647;
			files = (
				AD38787B29A89D13003D17FB /* LaunchScreen.storyboard in Resources */,
				AD38787829A89D13003D17FB /* Assets.xcassets in Resources */,
				AD38788329A89D77003D17FB /* Push.storyboard in Resources */,
				AD38788A29A89FCC003D17FB /* Present.storyboard in Resources */,
				AD38787629A89D11003D17FB /* Main.storyboard in Resources */,
			);
			runOnlyForDeploymentPostprocessing = 0;
		};
/* End PBXResourcesBuildPhase section */

/* Begin PBXSourcesBuildPhase section */
		AD38786729A89D11003D17FB /* Sources */ = {
			isa = PBXSourcesBuildPhase;
			buildActionMask = 2147483647;
			files = (
				AD38787329A89D11003D17FB /* ViewController.swift in Sources */,
				AD38786F29A89D11003D17FB /* AppDelegate.swift in Sources */,
				AD38788C29A8A022003D17FB /* PresentViewController.swift in Sources */,
				AD38788529A89D87003D17FB /* PushViewController.swift in Sources */,
				AD38787129A89D11003D17FB /* SceneDelegate.swift in Sources */,
			);
			runOnlyForDeploymentPostprocessing = 0;
		};
/* End PBXSourcesBuildPhase section */

/* Begin PBXVariantGroup section */
		AD38787429A89D11003D17FB /* Main.storyboard */ = {
			isa = PBXVariantGroup;
			children = (
				AD38787529A89D11003D17FB /* Base */,
			);
			name = Main.storyboard;
			sourceTree = "<group>";
		};
		AD38787929A89D13003D17FB /* LaunchScreen.storyboard */ = {
			isa = PBXVariantGroup;
			children = (
				AD38787A29A89D13003D17FB /* Base */,
			);
			name = LaunchScreen.storyboard;
			sourceTree = "<group>";
		};
/* End PBXVariantGroup section */

/* Begin XCBuildConfiguration section */
		AD38787D29A89D13003D17FB /* Debug */ = {
			isa = XCBuildConfiguration;
			buildSettings = {
				ALWAYS_SEARCH_USER_PATHS = NO;
				CLANG_ANALYZER_NONNULL = YES;
				CLANG_ANALYZER_NUMBER_OBJECT_CONVERSION = YES_AGGRESSIVE;
				CLANG_CXX_LANGUAGE_STANDARD = "gnu++20";
				CLANG_ENABLE_MODULES = YES;
				CLANG_ENABLE_OBJC_ARC = YES;
				CLANG_ENABLE_OBJC_WEAK = YES;
				CLANG_WARN_BLOCK_CAPTURE_AUTORELEASING = YES;
				CLANG_WARN_BOOL_CONVERSION = YES;
				CLANG_WARN_COMMA = YES;
				CLANG_WARN_CONSTANT_CONVERSION = YES;
				CLANG_WARN_DEPRECATED_OBJC_IMPLEMENTATIONS = YES;
				CLANG_WARN_DIRECT_OBJC_ISA_USAGE = YES_ERROR;
				CLANG_WARN_DOCUMENTATION_COMMENTS = YES;
				CLANG_WARN_EMPTY_BODY = YES;
				CLANG_WARN_ENUM_CONVERSION = YES;
				CLANG_WARN_INFINITE_RECURSION = YES;
				CLANG_WARN_INT_CONVERSION = YES;
				CLANG_WARN_NON_LITERAL_NULL_CONVERSION = YES;
				CLANG_WARN_OBJC_IMPLICIT_RETAIN_SELF = YES;
				CLANG_WARN_OBJC_LITERAL_CONVERSION = YES;
				CLANG_WARN_OBJC_ROOT_CLASS = YES_ERROR;
				CLANG_WARN_QUOTED_INCLUDE_IN_FRAMEWORK_HEADER = YES;
				CLANG_WARN_RANGE_LOOP_ANALYSIS = YES;
				CLANG_WARN_STRICT_PROTOTYPES = YES;
				CLANG_WARN_SUSPICIOUS_MOVE = YES;
				CLANG_WARN_UNGUARDED_AVAILABILITY = YES_AGGRESSIVE;
				CLANG_WARN_UNREACHABLE_CODE = YES;
				CLANG_WARN__DUPLICATE_METHOD_MATCH = YES;
				COPY_PHASE_STRIP = NO;
				DEBUG_INFORMATION_FORMAT = dwarf;
				ENABLE_STRICT_OBJC_MSGSEND = YES;
				ENABLE_TESTABILITY = YES;
				GCC_C_LANGUAGE_STANDARD = gnu11;
				GCC_DYNAMIC_NO_PIC = NO;
				GCC_NO_COMMON_BLOCKS = YES;
				GCC_OPTIMIZATION_LEVEL = 0;
				GCC_PREPROCESSOR_DEFINITIONS = (
					"DEBUG=1",
					"$(inherited)",
				);
				GCC_WARN_64_TO_32_BIT_CONVERSION = YES;
				GCC_WARN_ABOUT_RETURN_TYPE = YES_ERROR;
				GCC_WARN_UNDECLARED_SELECTOR = YES;
				GCC_WARN_UNINITIALIZED_AUTOS = YES_AGGRESSIVE;
				GCC_WARN_UNUSED_FUNCTION = YES;
				GCC_WARN_UNUSED_VARIABLE = YES;
				IPHONEOS_DEPLOYMENT_TARGET = 16.2;
				MTL_ENABLE_DEBUG_INFO = INCLUDE_SOURCE;
				MTL_FAST_MATH = YES;
				ONLY_ACTIVE_ARCH = YES;
				SDKROOT = iphoneos;
				SWIFT_ACTIVE_COMPILATION_CONDITIONS = DEBUG;
				SWIFT_OPTIMIZATION_LEVEL = "-Onone";
			};
			name = Debug;
		};
		AD38787E29A89D13003D17FB /* Release */ = {
			isa = XCBuildConfiguration;
			buildSettings = {
				ALWAYS_SEARCH_USER_PATHS = NO;
				CLANG_ANALYZER_NONNULL = YES;
				CLANG_ANALYZER_NUMBER_OBJECT_CONVERSION = YES_AGGRESSIVE;
				CLANG_CXX_LANGUAGE_STANDARD = "gnu++20";
				CLANG_ENABLE_MODULES = YES;
				CLANG_ENABLE_OBJC_ARC = YES;
				CLANG_ENABLE_OBJC_WEAK = YES;
				CLANG_WARN_BLOCK_CAPTURE_AUTORELEASING = YES;
				CLANG_WARN_BOOL_CONVERSION = YES;
				CLANG_WARN_COMMA = YES;
				CLANG_WARN_CONSTANT_CONVERSION = YES;
				CLANG_WARN_DEPRECATED_OBJC_IMPLEMENTATIONS = YES;
				CLANG_WARN_DIRECT_OBJC_ISA_USAGE = YES_ERROR;
				CLANG_WARN_DOCUMENTATION_COMMENTS = YES;
				CLANG_WARN_EMPTY_BODY = YES;
				CLANG_WARN_ENUM_CONVERSION = YES;
				CLANG_WARN_INFINITE_RECURSION = YES;
				CLANG_WARN_INT_CONVERSION = YES;
				CLANG_WARN_NON_LITERAL_NULL_CONVERSION = YES;
				CLANG_WARN_OBJC_IMPLICIT_RETAIN_SELF = YES;
				CLANG_WARN_OBJC_LITERAL_CONVERSION = YES;
				CLANG_WARN_OBJC_ROOT_CLASS = YES_ERROR;
				CLANG_WARN_QUOTED_INCLUDE_IN_FRAMEWORK_HEADER = YES;
				CLANG_WARN_RANGE_LOOP_ANALYSIS = YES;
				CLANG_WARN_STRICT_PROTOTYPES = YES;
				CLANG_WARN_SUSPICIOUS_MOVE = YES;
				CLANG_WARN_UNGUARDED_AVAILABILITY = YES_AGGRESSIVE;
				CLANG_WARN_UNREACHABLE_CODE = YES;
				CLANG_WARN__DUPLICATE_METHOD_MATCH = YES;
				COPY_PHASE_STRIP = NO;
				DEBUG_INFORMATION_FORMAT = "dwarf-with-dsym";
				ENABLE_NS_ASSERTIONS = NO;
				ENABLE_STRICT_OBJC_MSGSEND = YES;
				GCC_C_LANGUAGE_STANDARD = gnu11;
				GCC_NO_COMMON_BLOCKS = YES;
				GCC_WARN_64_TO_32_BIT_CONVERSION = YES;
				GCC_WARN_ABOUT_RETURN_TYPE = YES_ERROR;
				GCC_WARN_UNDECLARED_SELECTOR = YES;
				GCC_WARN_UNINITIALIZED_AUTOS = YES_AGGRESSIVE;
				GCC_WARN_UNUSED_FUNCTION = YES;
				GCC_WARN_UNUSED_VARIABLE = YES;
				IPHONEOS_DEPLOYMENT_TARGET = 16.2;
				MTL_ENABLE_DEBUG_INFO = NO;
				MTL_FAST_MATH = YES;
				SDKROOT = iphoneos;
				SWIFT_COMPILATION_MODE = wholemodule;
				SWIFT_OPTIMIZATION_LEVEL = "-O";
				VALIDATE_PRODUCT = YES;
			};
			name = Release;
		};
		AD38788029A89D13003D17FB /* Debug */ = {
			isa = XCBuildConfiguration;
			buildSettings = {
				ASSETCATALOG_COMPILER_APPICON_NAME = AppIcon;
				ASSETCATALOG_COMPILER_GLOBAL_ACCENT_COLOR_NAME = AccentColor;
				CODE_SIGN_STYLE = Automatic;
				CURRENT_PROJECT_VERSION = 1;
				DEVELOPMENT_TEAM = 7W6G4D425J;
				GENERATE_INFOPLIST_FILE = YES;
				INFOPLIST_FILE = Navigator/Info.plist;
				INFOPLIST_KEY_UIApplicationSupportsIndirectInputEvents = YES;
				INFOPLIST_KEY_UILaunchStoryboardName = LaunchScreen;
				INFOPLIST_KEY_UIMainStoryboardFile = Main;
				INFOPLIST_KEY_UISupportedInterfaceOrientations_iPad = "UIInterfaceOrientationPortrait UIInterfaceOrientationPortraitUpsideDown UIInterfaceOrientationLandscapeLeft UIInterfaceOrientationLandscapeRight";
				INFOPLIST_KEY_UISupportedInterfaceOrientations_iPhone = "UIInterfaceOrientationPortrait UIInterfaceOrientationLandscapeLeft UIInterfaceOrientationLandscapeRight";
				LD_RUNPATH_SEARCH_PATHS = (
					"$(inherited)",
					"@executable_path/Frameworks",
				);
				MARKETING_VERSION = 1.0;
				PRODUCT_BUNDLE_IDENTIFIER = aamlid.Navigator;
				PRODUCT_NAME = "$(TARGET_NAME)";
				SWIFT_EMIT_LOC_STRINGS = YES;
				SWIFT_VERSION = 5.0;
				TARGETED_DEVICE_FAMILY = "1,2";
			};
			name = Debug;
		};
		AD38788129A89D13003D17FB /* Release */ = {
			isa = XCBuildConfiguration;
			buildSettings = {
				ASSETCATALOG_COMPILER_APPICON_NAME = AppIcon;
				ASSETCATALOG_COMPILER_GLOBAL_ACCENT_COLOR_NAME = AccentColor;
				CODE_SIGN_STYLE = Automatic;
				CURRENT_PROJECT_VERSION = 1;
				DEVELOPMENT_TEAM = 7W6G4D425J;
				GENERATE_INFOPLIST_FILE = YES;
				INFOPLIST_FILE = Navigator/Info.plist;
				INFOPLIST_KEY_UIApplicationSupportsIndirectInputEvents = YES;
				INFOPLIST_KEY_UILaunchStoryboardName = LaunchScreen;
				INFOPLIST_KEY_UIMainStoryboardFile = Main;
				INFOPLIST_KEY_UISupportedInterfaceOrientations_iPad = "UIInterfaceOrientationPortrait UIInterfaceOrientationPortraitUpsideDown UIInterfaceOrientationLandscapeLeft UIInterfaceOrientationLandscapeRight";
				INFOPLIST_KEY_UISupportedInterfaceOrientations_iPhone = "UIInterfaceOrientationPortrait UIInterfaceOrientationLandscapeLeft UIInterfaceOrientationLandscapeRight";
				LD_RUNPATH_SEARCH_PATHS = (
					"$(inherited)",
					"@executable_path/Frameworks",
				);
				MARKETING_VERSION = 1.0;
				PRODUCT_BUNDLE_IDENTIFIER = aamlid.Navigator;
				PRODUCT_NAME = "$(TARGET_NAME)";
				SWIFT_EMIT_LOC_STRINGS = YES;
				SWIFT_VERSION = 5.0;
				TARGETED_DEVICE_FAMILY = "1,2";
			};
			name = Release;
		};
/* End XCBuildConfiguration section */

/* Begin XCConfigurationList section */
		AD38786629A89D11003D17FB /* Build configuration list for PBXProject "Navigator" */ = {
			isa = XCConfigurationList;
			buildConfigurations = (
				AD38787D29A89D13003D17FB /* Debug */,
				AD38787E29A89D13003D17FB /* Release */,
			);
			defaultConfigurationIsVisible = 0;
			defaultConfigurationName = Release;
		};
		AD38787F29A89D13003D17FB /* Build configuration list for PBXNativeTarget "Navigator" */ = {
			isa = XCConfigurationList;
			buildConfigurations = (
				AD38788029A89D13003D17FB /* Debug */,
				AD38788129A89D13003D17FB /* Release */,
			);
			defaultConfigurationIsVisible = 0;
			defaultConfigurationName = Release;
		};
/* End XCConfigurationList section */
	};
	rootObject = AD38786329A89D11003D17FB /* Project object */;
}
